
Microsoft Visual Studio Solution File, Format Version 12.00
# Visual Studio Version 17
VisualStudioVersion = 17.5.002.0
MinimumVisualStudioVersion = 10.0.40219.1
Project("{9A19103F-16F7-4668-BE54-9A1E7A4F7556}") = "api-dotnet", "api-dotnet.csproj", "{061C7C4B-C286-4296-A338-FC5D5B0FD5FF}"
EndProject
Global
	GlobalSection(SolutionConfigurationPlatforms) = preSolution
		Debug|Any CPU = Debug|Any CPU
		Release|Any CPU = Release|Any CPU
	EndGlobalSection
	GlobalSection(ProjectConfigurationPlatforms) = postSolution
		{061C7C4B-C286-4296-A338-FC5D5B0FD5FF}.Debug|Any CPU.ActiveCfg = Debug|Any CPU
		{061C7C4B-C286-4296-A338-FC5D5B0FD5FF}.Debug|Any CPU.Build.0 = Debug|Any CPU
		{061C7C4B-C286-4296-A338-FC5D5B0FD5FF}.Release|Any CPU.ActiveCfg = Release|Any CPU
		{061C7C4B-C286-4296-A338-FC5D5B0FD5FF}.Release|Any CPU.Build.0 = Release|Any CPU
	EndGlobalSection
	GlobalSection(SolutionProperties) = preSolution
		HideSolutionNode = FALSE
	EndGlobalSection
	GlobalSection(ExtensibilityGlobals) = postSolution
		SolutionGuid = {407C1BDE-A37F-485F-826B-AACC062B28EF}
	EndGlobalSection
EndGlobal
